
Microsoft Visual Studio Solution File, Format Version 12.00
# Visual Studio Version 17
VisualStudioVersion = 17.5.2.0
MinimumVisualStudioVersion = 10.0.40219.1
Project("{FAE04EC0-301F-11D3-BF4B-00C04F79EFBC}") = "CentroEventos.Aplicacion", "CentroEventos.Aplicacion\CentroEventos.Aplicacion.csproj", "{D28ABB5D-217A-EB61-5704-DB5E2E934F01}"
EndProject
Project("{FAE04EC0-301F-11D3-BF4B-00C04F79EFBC}") = "CentroEventos.Repositorios", "CentroEventos.Repositorios\CentroEventos.Repositorios.csproj", "{ACEDFE21-10E9-3284-31CA-00948C275542}"
EndProject
Project("{FAE04EC0-301F-11D3-BF4B-00C04F79EFBC}") = "CentroEventos.UI", "CentroEventos.UI\CentroEventos.UI.csproj", "{08CEFC83-1D70-4D1E-A526-B6D8C70786D1}"
EndProject
Global
	GlobalSection(SolutionConfigurationPlatforms) = preSolution
		Debug|Any CPU = Debug|Any CPU
		Release|Any CPU = Release|Any CPU
	EndGlobalSection
	GlobalSection(ProjectConfigurationPlatforms) = postSolution
		{D28ABB5D-217A-EB61-5704-DB5E2E934F01}.Debug|Any CPU.ActiveCfg = Debug|Any CPU
		{D28ABB5D-217A-EB61-5704-DB5E2E934F01}.Debug|Any CPU.Build.0 = Debug|Any CPU
		{D28ABB5D-217A-EB61-5704-DB5E2E934F01}.Release|Any CPU.ActiveCfg = Release|Any CPU
		{D28ABB5D-217A-EB61-5704-DB5E2E934F01}.Release|Any CPU.Build.0 = Release|Any CPU
		{ACEDFE21-10E9-3284-31CA-00948C275542}.Debug|Any CPU.ActiveCfg = Debug|Any CPU
		{ACEDFE21-10E9-3284-31CA-00948C275542}.Debug|Any CPU.Build.0 = Debug|Any CPU
		{ACEDFE21-10E9-3284-31CA-00948C275542}.Release|Any CPU.ActiveCfg = Release|Any CPU
		{ACEDFE21-10E9-3284-31CA-00948C275542}.Release|Any CPU.Build.0 = Release|Any CPU
		{08CEFC83-1D70-4D1E-A526-B6D8C70786D1}.Debug|Any CPU.ActiveCfg = Debug|Any CPU
		{08CEFC83-1D70-4D1E-A526-B6D8C70786D1}.Debug|Any CPU.Build.0 = Debug|Any CPU
		{08CEFC83-1D70-4D1E-A526-B6D8C70786D1}.Release|Any CPU.ActiveCfg = Release|Any CPU
		{08CEFC83-1D70-4D1E-A526-B6D8C70786D1}.Release|Any CPU.Build.0 = Release|Any CPU
	EndGlobalSection
	GlobalSection(SolutionProperties) = preSolution
		HideSolutionNode = FALSE
	EndGlobalSection
	GlobalSection(ExtensibilityGlobals) = postSolution
		SolutionGuid = {8B7546FA-8A9F-4686-8355-0C4CB15877A0}
	EndGlobalSection
EndGlobal
