
Microsoft Visual Studio Solution File, Format Version 12.00
# Visual Studio Version 17
VisualStudioVersion = 17.0.31903.59
MinimumVisualStudioVersion = 10.0.40219.1
Project("{FAE04EC0-301F-11D3-BF4B-00C04F79EFBC}") = "CentroEventos.Aplicacion", "CentroEventos.Aplicacion\CentroEventos.Aplicacion.csproj", "{B39E6C42-27CA-490D-928A-DB37FD5B455C}"
EndProject
Project("{FAE04EC0-301F-11D3-BF4B-00C04F79EFBC}") = "CentroEventos.Repositorios", "CentroEventos.Repositorios\CentroEventos.Repositorios.csproj", "{F15B1DF9-9D24-41D5-A3DA-86334619AE5C}"
EndProject
Project("{FAE04EC0-301F-11D3-BF4B-00C04F79EFBC}") = "CentroEventos.Consola", "CentroEventos.Consola\CentroEventos.Consola.csproj", "{45EF0CEE-28C4-48EA-9004-BFF52C56E3A0}"
EndProject
Project("{2150E333-8FDC-42A3-9474-1A3956D46DE8}") = "CentroEventos.UI", "CentroEventos.UI", "{49B250CA-939B-2A22-2688-8CA45DE6E79F}"
EndProject
Global
	GlobalSection(SolutionConfigurationPlatforms) = preSolution
		Debug|Any CPU = Debug|Any CPU
		Release|Any CPU = Release|Any CPU
	EndGlobalSection
	GlobalSection(ProjectConfigurationPlatforms) = postSolution
		{B39E6C42-27CA-490D-928A-DB37FD5B455C}.Debug|Any CPU.ActiveCfg = Debug|Any CPU
		{B39E6C42-27CA-490D-928A-DB37FD5B455C}.Debug|Any CPU.Build.0 = Debug|Any CPU
		{B39E6C42-27CA-490D-928A-DB37FD5B455C}.Release|Any CPU.ActiveCfg = Release|Any CPU
		{B39E6C42-27CA-490D-928A-DB37FD5B455C}.Release|Any CPU.Build.0 = Release|Any CPU
		{F15B1DF9-9D24-41D5-A3DA-86334619AE5C}.Debug|Any CPU.ActiveCfg = Debug|Any CPU
		{F15B1DF9-9D24-41D5-A3DA-86334619AE5C}.Debug|Any CPU.Build.0 = Debug|Any CPU
		{F15B1DF9-9D24-41D5-A3DA-86334619AE5C}.Release|Any CPU.ActiveCfg = Release|Any CPU
		{F15B1DF9-9D24-41D5-A3DA-86334619AE5C}.Release|Any CPU.Build.0 = Release|Any CPU
		{45EF0CEE-28C4-48EA-9004-BFF52C56E3A0}.Debug|Any CPU.ActiveCfg = Debug|Any CPU
		{45EF0CEE-28C4-48EA-9004-BFF52C56E3A0}.Debug|Any CPU.Build.0 = Debug|Any CPU
		{45EF0CEE-28C4-48EA-9004-BFF52C56E3A0}.Release|Any CPU.ActiveCfg = Release|Any CPU
		{45EF0CEE-28C4-48EA-9004-BFF52C56E3A0}.Release|Any CPU.Build.0 = Release|Any CPU
	EndGlobalSection
	GlobalSection(SolutionProperties) = preSolution
		HideSolutionNode = FALSE
	EndGlobalSection
EndGlobal
